
Microsoft Visual Studio Solution File, Format Version 12.00
# Visual Studio 2012
Project("{FAE04EC0-301F-11D3-BF4B-00C04F79EFBC}") = "Exportador", "Exportador\Exportador.csproj", "{4D8AE7F3-F49F-4C84-8F23-5E5A5833A4C9}"
EndProject
Project("{FAE04EC0-301F-11D3-BF4B-00C04F79EFBC}") = "ConsoleApplication1", "ConsoleApplication1\ConsoleApplication1.csproj", "{9363F32A-C031-4C47-A38F-C69D843D1022}"
	ProjectSection(ProjectDependencies) = postProject
		{EB8633FF-CEED-40EE-8D1A-CA1BF5678C42} = {EB8633FF-CEED-40EE-8D1A-CA1BF5678C42}
	EndProjectSection
EndProject
Project("{FAE04EC0-301F-11D3-BF4B-00C04F79EFBC}") = "FileHelpers", "FileHelpers\FileHelpers.csproj", "{EB8633FF-CEED-40EE-8D1A-CA1BF5678C42}"
EndProject
Global
	GlobalSection(SolutionConfigurationPlatforms) = preSolution
		CD_ROM|Any CPU = CD_ROM|Any CPU
		CD_ROM|Mixed Platforms = CD_ROM|Mixed Platforms
		CD_ROM|x86 = CD_ROM|x86
		Debug|Any CPU = Debug|Any CPU
		Debug|Mixed Platforms = Debug|Mixed Platforms
		Debug|x86 = Debug|x86
		DVD-5|Any CPU = DVD-5|Any CPU
		DVD-5|Mixed Platforms = DVD-5|Mixed Platforms
		DVD-5|x86 = DVD-5|x86
		Release|Any CPU = Release|Any CPU
		Release|Mixed Platforms = Release|Mixed Platforms
		Release|x86 = Release|x86
		SingleImage|Any CPU = SingleImage|Any CPU
		SingleImage|Mixed Platforms = SingleImage|Mixed Platforms
		SingleImage|x86 = SingleImage|x86
	EndGlobalSection
	GlobalSection(ProjectConfigurationPlatforms) = postSolution
		{4D8AE7F3-F49F-4C84-8F23-5E5A5833A4C9}.CD_ROM|Any CPU.ActiveCfg = Release|x86
		{4D8AE7F3-F49F-4C84-8F23-5E5A5833A4C9}.CD_ROM|Mixed Platforms.ActiveCfg = Release|x86
		{4D8AE7F3-F49F-4C84-8F23-5E5A5833A4C9}.CD_ROM|Mixed Platforms.Build.0 = Release|x86
		{4D8AE7F3-F49F-4C84-8F23-5E5A5833A4C9}.CD_ROM|x86.ActiveCfg = Release|x86
		{4D8AE7F3-F49F-4C84-8F23-5E5A5833A4C9}.CD_ROM|x86.Build.0 = Release|x86
		{4D8AE7F3-F49F-4C84-8F23-5E5A5833A4C9}.Debug|Any CPU.ActiveCfg = Debug|x86
		{4D8AE7F3-F49F-4C84-8F23-5E5A5833A4C9}.Debug|Any CPU.Build.0 = Debug|x86
		{4D8AE7F3-F49F-4C84-8F23-5E5A5833A4C9}.Debug|Mixed Platforms.ActiveCfg = Debug|x86
		{4D8AE7F3-F49F-4C84-8F23-5E5A5833A4C9}.Debug|Mixed Platforms.Build.0 = Debug|x86
		{4D8AE7F3-F49F-4C84-8F23-5E5A5833A4C9}.Debug|x86.ActiveCfg = Debug|x86
		{4D8AE7F3-F49F-4C84-8F23-5E5A5833A4C9}.Debug|x86.Build.0 = Debug|x86
		{4D8AE7F3-F49F-4C84-8F23-5E5A5833A4C9}.DVD-5|Any CPU.ActiveCfg = Debug|x86
		{4D8AE7F3-F49F-4C84-8F23-5E5A5833A4C9}.DVD-5|Mixed Platforms.ActiveCfg = Debug|x86
		{4D8AE7F3-F49F-4C84-8F23-5E5A5833A4C9}.DVD-5|Mixed Platforms.Build.0 = Debug|x86
		{4D8AE7F3-F49F-4C84-8F23-5E5A5833A4C9}.DVD-5|x86.ActiveCfg = Debug|x86
		{4D8AE7F3-F49F-4C84-8F23-5E5A5833A4C9}.DVD-5|x86.Build.0 = Debug|x86
		{4D8AE7F3-F49F-4C84-8F23-5E5A5833A4C9}.Release|Any CPU.ActiveCfg = Release|x86
		{4D8AE7F3-F49F-4C84-8F23-5E5A5833A4C9}.Release|Mixed Platforms.ActiveCfg = Release|x86
		{4D8AE7F3-F49F-4C84-8F23-5E5A5833A4C9}.Release|Mixed Platforms.Build.0 = Release|x86
		{4D8AE7F3-F49F-4C84-8F23-5E5A5833A4C9}.Release|x86.ActiveCfg = Release|x86
		{4D8AE7F3-F49F-4C84-8F23-5E5A5833A4C9}.Release|x86.Build.0 = Release|x86
		{4D8AE7F3-F49F-4C84-8F23-5E5A5833A4C9}.SingleImage|Any CPU.ActiveCfg = Release|x86
		{4D8AE7F3-F49F-4C84-8F23-5E5A5833A4C9}.SingleImage|Mixed Platforms.ActiveCfg = Release|x86
		{4D8AE7F3-F49F-4C84-8F23-5E5A5833A4C9}.SingleImage|Mixed Platforms.Build.0 = Release|x86
		{4D8AE7F3-F49F-4C84-8F23-5E5A5833A4C9}.SingleImage|x86.ActiveCfg = Release|x86
		{4D8AE7F3-F49F-4C84-8F23-5E5A5833A4C9}.SingleImage|x86.Build.0 = Release|x86
		{9363F32A-C031-4C47-A38F-C69D843D1022}.CD_ROM|Any CPU.ActiveCfg = Release|Any CPU
		{9363F32A-C031-4C47-A38F-C69D843D1022}.CD_ROM|Any CPU.Build.0 = Release|Any CPU
		{9363F32A-C031-4C47-A38F-C69D843D1022}.CD_ROM|Mixed Platforms.ActiveCfg = Release|Any CPU
		{9363F32A-C031-4C47-A38F-C69D843D1022}.CD_ROM|Mixed Platforms.Build.0 = Release|Any CPU
		{9363F32A-C031-4C47-A38F-C69D843D1022}.CD_ROM|x86.ActiveCfg = Release|Any CPU
		{9363F32A-C031-4C47-A38F-C69D843D1022}.Debug|Any CPU.ActiveCfg = Debug|Any CPU
		{9363F32A-C031-4C47-A38F-C69D843D1022}.Debug|Any CPU.Build.0 = Debug|Any CPU
		{9363F32A-C031-4C47-A38F-C69D843D1022}.Debug|Mixed Platforms.ActiveCfg = Debug|Any CPU
		{9363F32A-C031-4C47-A38F-C69D843D1022}.Debug|Mixed Platforms.Build.0 = Debug|Any CPU
		{9363F32A-C031-4C47-A38F-C69D843D1022}.Debug|x86.ActiveCfg = Debug|Any CPU
		{9363F32A-C031-4C47-A38F-C69D843D1022}.DVD-5|Any CPU.ActiveCfg = Debug|Any CPU
		{9363F32A-C031-4C47-A38F-C69D843D1022}.DVD-5|Any CPU.Build.0 = Debug|Any CPU
		{9363F32A-C031-4C47-A38F-C69D843D1022}.DVD-5|Mixed Platforms.ActiveCfg = Debug|Any CPU
		{9363F32A-C031-4C47-A38F-C69D843D1022}.DVD-5|Mixed Platforms.Build.0 = Debug|Any CPU
		{9363F32A-C031-4C47-A38F-C69D843D1022}.DVD-5|x86.ActiveCfg = Debug|Any CPU
		{9363F32A-C031-4C47-A38F-C69D843D1022}.Release|Any CPU.ActiveCfg = Release|Any CPU
		{9363F32A-C031-4C47-A38F-C69D843D1022}.Release|Any CPU.Build.0 = Release|Any CPU
		{9363F32A-C031-4C47-A38F-C69D843D1022}.Release|Mixed Platforms.ActiveCfg = Release|Any CPU
		{9363F32A-C031-4C47-A38F-C69D843D1022}.Release|Mixed Platforms.Build.0 = Release|Any CPU
		{9363F32A-C031-4C47-A38F-C69D843D1022}.Release|x86.ActiveCfg = Release|Any CPU
		{9363F32A-C031-4C47-A38F-C69D843D1022}.SingleImage|Any CPU.ActiveCfg = Release|Any CPU
		{9363F32A-C031-4C47-A38F-C69D843D1022}.SingleImage|Any CPU.Build.0 = Release|Any CPU
		{9363F32A-C031-4C47-A38F-C69D843D1022}.SingleImage|Mixed Platforms.ActiveCfg = Release|Any CPU
		{9363F32A-C031-4C47-A38F-C69D843D1022}.SingleImage|Mixed Platforms.Build.0 = Release|Any CPU
		{9363F32A-C031-4C47-A38F-C69D843D1022}.SingleImage|x86.ActiveCfg = Release|Any CPU
		{EB8633FF-CEED-40EE-8D1A-CA1BF5678C42}.CD_ROM|Any CPU.ActiveCfg = Release|Any CPU
		{EB8633FF-CEED-40EE-8D1A-CA1BF5678C42}.CD_ROM|Any CPU.Build.0 = Release|Any CPU
		{EB8633FF-CEED-40EE-8D1A-CA1BF5678C42}.CD_ROM|Mixed Platforms.ActiveCfg = Release|Any CPU
		{EB8633FF-CEED-40EE-8D1A-CA1BF5678C42}.CD_ROM|Mixed Platforms.Build.0 = Release|Any CPU
		{EB8633FF-CEED-40EE-8D1A-CA1BF5678C42}.CD_ROM|x86.ActiveCfg = Release|Any CPU
		{EB8633FF-CEED-40EE-8D1A-CA1BF5678C42}.Debug|Any CPU.ActiveCfg = Debug|Any CPU
		{EB8633FF-CEED-40EE-8D1A-CA1BF5678C42}.Debug|Any CPU.Build.0 = Debug|Any CPU
		{EB8633FF-CEED-40EE-8D1A-CA1BF5678C42}.Debug|Mixed Platforms.ActiveCfg = Debug|Any CPU
		{EB8633FF-CEED-40EE-8D1A-CA1BF5678C42}.Debug|Mixed Platforms.Build.0 = Debug|Any CPU
		{EB8633FF-CEED-40EE-8D1A-CA1BF5678C42}.Debug|x86.ActiveCfg = Debug|Any CPU
		{EB8633FF-CEED-40EE-8D1A-CA1BF5678C42}.DVD-5|Any CPU.ActiveCfg = Debug|Any CPU
		{EB8633FF-CEED-40EE-8D1A-CA1BF5678C42}.DVD-5|Any CPU.Build.0 = Debug|Any CPU
		{EB8633FF-CEED-40EE-8D1A-CA1BF5678C42}.DVD-5|Mixed Platforms.ActiveCfg = Debug|Any CPU
		{EB8633FF-CEED-40EE-8D1A-CA1BF5678C42}.DVD-5|Mixed Platforms.Build.0 = Debug|Any CPU
		{EB8633FF-CEED-40EE-8D1A-CA1BF5678C42}.DVD-5|x86.ActiveCfg = Debug|Any CPU
		{EB8633FF-CEED-40EE-8D1A-CA1BF5678C42}.Release|Any CPU.ActiveCfg = Release|Any CPU
		{EB8633FF-CEED-40EE-8D1A-CA1BF5678C42}.Release|Any CPU.Build.0 = Release|Any CPU
		{EB8633FF-CEED-40EE-8D1A-CA1BF5678C42}.Release|Mixed Platforms.ActiveCfg = Release|Any CPU
		{EB8633FF-CEED-40EE-8D1A-CA1BF5678C42}.Release|Mixed Platforms.Build.0 = Release|Any CPU
		{EB8633FF-CEED-40EE-8D1A-CA1BF5678C42}.Release|x86.ActiveCfg = Release|Any CPU
		{EB8633FF-CEED-40EE-8D1A-CA1BF5678C42}.SingleImage|Any CPU.ActiveCfg = Release|Any CPU
		{EB8633FF-CEED-40EE-8D1A-CA1BF5678C42}.SingleImage|Any CPU.Build.0 = Release|Any CPU
		{EB8633FF-CEED-40EE-8D1A-CA1BF5678C42}.SingleImage|Mixed Platforms.ActiveCfg = Release|Any CPU
		{EB8633FF-CEED-40EE-8D1A-CA1BF5678C42}.SingleImage|Mixed Platforms.Build.0 = Release|Any CPU
		{EB8633FF-CEED-40EE-8D1A-CA1BF5678C42}.SingleImage|x86.ActiveCfg = Release|Any CPU
	EndGlobalSection
	GlobalSection(SolutionProperties) = preSolution
		HideSolutionNode = FALSE
	EndGlobalSection
	GlobalSection(ExtensibilityGlobals) = postSolution
		EnterpriseLibraryConfigurationToolBinariesPathV6 = packages\EnterpriseLibrary.Common.6.0.1304.0\lib\NET45;packages\EnterpriseLibrary.Data.6.0.1304.0\lib\NET45
	EndGlobalSection
	GlobalSection(SubversionScc) = preSolution
		Svn-Managed = True
		Manager = AnkhSVN - Subversion Support for Visual Studio
	EndGlobalSection
EndGlobal
